// !$*UTF8*$!
{
	archiveVersion = 1;
	classes = {
	};
	objectVersion = 46;
	objects = {

/* Begin PBXBuildFile section */
		E2352C7F1C1F14F700069CF7 /* ResultsTableViewController.swift in Sources */ = {isa = PBXBuildFile; fileRef = E2352C7E1C1F14F700069CF7 /* ResultsTableViewController.swift */; };
		E23869081C0356F1000FE667 /* AppDelegate.swift in Sources */ = {isa = PBXBuildFile; fileRef = E23869071C0356F1000FE667 /* AppDelegate.swift */; };
		E238690A1C0356F1000FE667 /* ViewController.swift in Sources */ = {isa = PBXBuildFile; fileRef = E23869091C0356F1000FE667 /* ViewController.swift */; };
		E238690D1C0356F1000FE667 /* Main.storyboard in Resources */ = {isa = PBXBuildFile; fileRef = E238690B1C0356F1000FE667 /* Main.storyboard */; };
		E23869101C0356F1000FE667 /* Kitchen_Pal.xcdatamodeld in Sources */ = {isa = PBXBuildFile; fileRef = E238690E1C0356F1000FE667 /* Kitchen_Pal.xcdatamodeld */; };
		E23869121C0356F1000FE667 /* Assets.xcassets in Resources */ = {isa = PBXBuildFile; fileRef = E23869111C0356F1000FE667 /* Assets.xcassets */; };
		E23869151C0356F1000FE667 /* LaunchScreen.storyboard in Resources */ = {isa = PBXBuildFile; fileRef = E23869131C0356F1000FE667 /* LaunchScreen.storyboard */; };
		E23869201C0356F1000FE667 /* Kitchen_PalTests.swift in Sources */ = {isa = PBXBuildFile; fileRef = E238691F1C0356F1000FE667 /* Kitchen_PalTests.swift */; };
		E23869621C036531000FE667 /* Ingredients+CoreDataProperties.swift in Sources */ = {isa = PBXBuildFile; fileRef = E238695C1C036531000FE667 /* Ingredients+CoreDataProperties.swift */; };
		E23869631C036531000FE667 /* Ingredients.swift in Sources */ = {isa = PBXBuildFile; fileRef = E238695D1C036531000FE667 /* Ingredients.swift */; };
		E23869641C036531000FE667 /* Recipes+CoreDataProperties.swift in Sources */ = {isa = PBXBuildFile; fileRef = E238695E1C036531000FE667 /* Recipes+CoreDataProperties.swift */; };
		E23869651C036531000FE667 /* Recipes.swift in Sources */ = {isa = PBXBuildFile; fileRef = E238695F1C036531000FE667 /* Recipes.swift */; };
		E27DED051C15D1CD00CD9D95 /* CollectionViewCell.swift in Sources */ = {isa = PBXBuildFile; fileRef = E27DED041C15D1CD00CD9D95 /* CollectionViewCell.swift */; };
		E280E4DB1C15DA2D005C6983 /* BrowseRecipesTableViewController.swift in Sources */ = {isa = PBXBuildFile; fileRef = E280E4DA1C15DA2D005C6983 /* BrowseRecipesTableViewController.swift */; };
		E280E4DD1C15DBE6005C6983 /* RecipeCell.swift in Sources */ = {isa = PBXBuildFile; fileRef = E280E4DC1C15DBE6005C6983 /* RecipeCell.swift */; };
		E28A98B21C1F0A27004F574E /* QuickSearchCollectionViewController.swift in Sources */ = {isa = PBXBuildFile; fileRef = E28A98B11C1F0A27004F574E /* QuickSearchCollectionViewController.swift */; };
		E2AE51CC1C5291D9003B7ADF /* FinalModalViewController.swift in Sources */ = {isa = PBXBuildFile; fileRef = E2AE51CB1C5291D9003B7ADF /* FinalModalViewController.swift */; };
		E2BD00D71C2835FB00753A6D /* ResultsTableViewCell.swift in Sources */ = {isa = PBXBuildFile; fileRef = E2BD00D61C2835FB00753A6D /* ResultsTableViewCell.swift */; };
		E2CC945F1C5398B900A5B91D /* ModelDataController.swift in Sources */ = {isa = PBXBuildFile; fileRef = E2CC945E1C5398B900A5B91D /* ModelDataController.swift */; };
		E2CC94631C53A41400A5B91D /* AddRecipeViewController.swift in Sources */ = {isa = PBXBuildFile; fileRef = E2CC94621C53A41400A5B91D /* AddRecipeViewController.swift */; };
/* End PBXBuildFile section */

/* Begin PBXContainerItemProxy section */
		E238691C1C0356F1000FE667 /* PBXContainerItemProxy */ = {
			isa = PBXContainerItemProxy;
			containerPortal = E23868FC1C0356F1000FE667 /* Project object */;
			proxyType = 1;
			remoteGlobalIDString = E23869031C0356F1000FE667;
			remoteInfo = "Kitchen Pal";
		};
/* End PBXContainerItemProxy section */

/* Begin PBXFileReference section */
		E2352C7E1C1F14F700069CF7 /* ResultsTableViewController.swift */ = {isa = PBXFileReference; fileEncoding = 4; lastKnownFileType = sourcecode.swift; path = ResultsTableViewController.swift; sourceTree = "<group>"; };
		E23869041C0356F1000FE667 /* Kitchen Pal.app */ = {isa = PBXFileReference; explicitFileType = wrapper.application; includeInIndex = 0; path = "Kitchen Pal.app"; sourceTree = BUILT_PRODUCTS_DIR; };
		E23869071C0356F1000FE667 /* AppDelegate.swift */ = {isa = PBXFileReference; lastKnownFileType = sourcecode.swift; path = AppDelegate.swift; sourceTree = "<group>"; };
		E23869091C0356F1000FE667 /* ViewController.swift */ = {isa = PBXFileReference; lastKnownFileType = sourcecode.swift; path = ViewController.swift; sourceTree = "<group>"; };
		E238690C1C0356F1000FE667 /* Base */ = {isa = PBXFileReference; lastKnownFileType = file.storyboard; name = Base; path = Base.lproj/Main.storyboard; sourceTree = "<group>"; };
		E238690F1C0356F1000FE667 /* Kitchen_Pal.xcdatamodel */ = {isa = PBXFileReference; lastKnownFileType = wrapper.xcdatamodel; path = Kitchen_Pal.xcdatamodel; sourceTree = "<group>"; };
		E23869111C0356F1000FE667 /* Assets.xcassets */ = {isa = PBXFileReference; lastKnownFileType = folder.assetcatalog; path = Assets.xcassets; sourceTree = "<group>"; };
		E23869141C0356F1000FE667 /* Base */ = {isa = PBXFileReference; lastKnownFileType = file.storyboard; name = Base; path = Base.lproj/LaunchScreen.storyboard; sourceTree = "<group>"; };
		E23869161C0356F1000FE667 /* Info.plist */ = {isa = PBXFileReference; lastKnownFileType = text.plist.xml; path = Info.plist; sourceTree = "<group>"; };
		E238691B1C0356F1000FE667 /* Kitchen PalTests.xctest */ = {isa = PBXFileReference; explicitFileType = wrapper.cfbundle; includeInIndex = 0; path = "Kitchen PalTests.xctest"; sourceTree = BUILT_PRODUCTS_DIR; };
		E238691F1C0356F1000FE667 /* Kitchen_PalTests.swift */ = {isa = PBXFileReference; lastKnownFileType = sourcecode.swift; path = Kitchen_PalTests.swift; sourceTree = "<group>"; };
		E23869211C0356F1000FE667 /* Info.plist */ = {isa = PBXFileReference; lastKnownFileType = text.plist.xml; path = Info.plist; sourceTree = "<group>"; };
		E238695C1C036531000FE667 /* Ingredients+CoreDataProperties.swift */ = {isa = PBXFileReference; fileEncoding = 4; lastKnownFileType = sourcecode.swift; path = "Ingredients+CoreDataProperties.swift"; sourceTree = "<group>"; };
		E238695D1C036531000FE667 /* Ingredients.swift */ = {isa = PBXFileReference; fileEncoding = 4; lastKnownFileType = sourcecode.swift; path = Ingredients.swift; sourceTree = "<group>"; };
		E238695E1C036531000FE667 /* Recipes+CoreDataProperties.swift */ = {isa = PBXFileReference; fileEncoding = 4; lastKnownFileType = sourcecode.swift; path = "Recipes+CoreDataProperties.swift"; sourceTree = "<group>"; };
		E238695F1C036531000FE667 /* Recipes.swift */ = {isa = PBXFileReference; fileEncoding = 4; lastKnownFileType = sourcecode.swift; path = Recipes.swift; sourceTree = "<group>"; };
		E27DED041C15D1CD00CD9D95 /* CollectionViewCell.swift */ = {isa = PBXFileReference; fileEncoding = 4; lastKnownFileType = sourcecode.swift; path = CollectionViewCell.swift; sourceTree = "<group>"; };
		E280E4DA1C15DA2D005C6983 /* BrowseRecipesTableViewController.swift */ = {isa = PBXFileReference; fileEncoding = 4; lastKnownFileType = sourcecode.swift; path = BrowseRecipesTableViewController.swift; sourceTree = "<group>"; };
		E280E4DC1C15DBE6005C6983 /* RecipeCell.swift */ = {isa = PBXFileReference; fileEncoding = 4; lastKnownFileType = sourcecode.swift; path = RecipeCell.swift; sourceTree = "<group>"; };
		E28A98B11C1F0A27004F574E /* QuickSearchCollectionViewController.swift */ = {isa = PBXFileReference; fileEncoding = 4; lastKnownFileType = sourcecode.swift; path = QuickSearchCollectionViewController.swift; sourceTree = "<group>"; };
		E2AE51CB1C5291D9003B7ADF /* FinalModalViewController.swift */ = {isa = PBXFileReference; fileEncoding = 4; lastKnownFileType = sourcecode.swift; path = FinalModalViewController.swift; sourceTree = "<group>"; };
		E2BD00D61C2835FB00753A6D /* ResultsTableViewCell.swift */ = {isa = PBXFileReference; fileEncoding = 4; lastKnownFileType = sourcecode.swift; path = ResultsTableViewCell.swift; sourceTree = "<group>"; };
		E2CC945E1C5398B900A5B91D /* ModelDataController.swift */ = {isa = PBXFileReference; fileEncoding = 4; lastKnownFileType = sourcecode.swift; name = ModelDataController.swift; path = "Kitchen Pal/ModelDataController.swift"; sourceTree = "<group>"; };
		E2CC94621C53A41400A5B91D /* AddRecipeViewController.swift */ = {isa = PBXFileReference; fileEncoding = 4; lastKnownFileType = sourcecode.swift; path = AddRecipeViewController.swift; sourceTree = "<group>"; };
/* End PBXFileReference section */

/* Begin PBXFrameworksBuildPhase section */
		E23869011C0356F1000FE667 /* Frameworks */ = {
			isa = PBXFrameworksBuildPhase;
			buildActionMask = 2147483647;
			files = (
			);
			runOnlyForDeploymentPostprocessing = 0;
		};
		E23869181C0356F1000FE667 /* Frameworks */ = {
			isa = PBXFrameworksBuildPhase;
			buildActionMask = 2147483647;
			files = (
			);
			runOnlyForDeploymentPostprocessing = 0;
		};
/* End PBXFrameworksBuildPhase section */

/* Begin PBXGroup section */
		E23868FB1C0356F1000FE667 = {
			isa = PBXGroup;
			children = (
				E23869061C0356F1000FE667 /* Kitchen Pal */,
				E238691E1C0356F1000FE667 /* Kitchen PalTests */,
				E23869051C0356F1000FE667 /* Products */,
			);
			sourceTree = "<group>";
		};
		E23869051C0356F1000FE667 /* Products */ = {
			isa = PBXGroup;
			children = (
				E23869041C0356F1000FE667 /* Kitchen Pal.app */,
				E238691B1C0356F1000FE667 /* Kitchen PalTests.xctest */,
			);
			name = Products;
			sourceTree = "<group>";
		};
		E23869061C0356F1000FE667 /* Kitchen Pal */ = {
			isa = PBXGroup;
			children = (
				E2CC94641C53B6ED00A5B91D /* Model */,
				E2CC94661C53B74400A5B91D /* Views */,
				E2CC94651C53B73100A5B91D /* Controllers */,
				E23869071C0356F1000FE667 /* AppDelegate.swift */,
				E238690B1C0356F1000FE667 /* Main.storyboard */,
				E23869111C0356F1000FE667 /* Assets.xcassets */,
				E23869131C0356F1000FE667 /* LaunchScreen.storyboard */,
				E23869161C0356F1000FE667 /* Info.plist */,
			);
			path = "Kitchen Pal";
			sourceTree = "<group>";
		};
		E238691E1C0356F1000FE667 /* Kitchen PalTests */ = {
			isa = PBXGroup;
			children = (
				E238691F1C0356F1000FE667 /* Kitchen_PalTests.swift */,
				E23869211C0356F1000FE667 /* Info.plist */,
			);
			path = "Kitchen PalTests";
			sourceTree = "<group>";
		};
		E2CC94641C53B6ED00A5B91D /* Model */ = {
			isa = PBXGroup;
			children = (
				E238690E1C0356F1000FE667 /* Kitchen_Pal.xcdatamodeld */,
				E238695C1C036531000FE667 /* Ingredients+CoreDataProperties.swift */,
				E238695D1C036531000FE667 /* Ingredients.swift */,
				E238695E1C036531000FE667 /* Recipes+CoreDataProperties.swift */,
				E238695F1C036531000FE667 /* Recipes.swift */,
				E2CC945E1C5398B900A5B91D /* ModelDataController.swift */,
			);
			name = Model;
			path = ..;
			sourceTree = "<group>";
		};
		E2CC94651C53B73100A5B91D /* Controllers */ = {
			isa = PBXGroup;
			children = (
				E23869091C0356F1000FE667 /* ViewController.swift */,
				E280E4DA1C15DA2D005C6983 /* BrowseRecipesTableViewController.swift */,
				E28A98B11C1F0A27004F574E /* QuickSearchCollectionViewController.swift */,
				E2352C7E1C1F14F700069CF7 /* ResultsTableViewController.swift */,
				E2AE51CB1C5291D9003B7ADF /* FinalModalViewController.swift */,
				E2CC94621C53A41400A5B91D /* AddRecipeViewController.swift */,
			);
			name = Controllers;
			sourceTree = "<group>";
		};
		E2CC94661C53B74400A5B91D /* Views */ = {
			isa = PBXGroup;
			children = (
				E27DED041C15D1CD00CD9D95 /* CollectionViewCell.swift */,
				E280E4DC1C15DBE6005C6983 /* RecipeCell.swift */,
				E2BD00D61C2835FB00753A6D /* ResultsTableViewCell.swift */,
			);
			name = Views;
			sourceTree = "<group>";
		};
/* End PBXGroup section */

/* Begin PBXNativeTarget section */
		E23869031C0356F1000FE667 /* Kitchen Pal */ = {
			isa = PBXNativeTarget;
			buildConfigurationList = E23869241C0356F1000FE667 /* Build configuration list for PBXNativeTarget "Kitchen Pal" */;
			buildPhases = (
				E23869001C0356F1000FE667 /* Sources */,
				E23869011C0356F1000FE667 /* Frameworks */,
				E23869021C0356F1000FE667 /* Resources */,
			);
			buildRules = (
			);
			dependencies = (
			);
			name = "Kitchen Pal";
			productName = "Kitchen Pal";
			productReference = E23869041C0356F1000FE667 /* Kitchen Pal.app */;
			productType = "com.apple.product-type.application";
		};
		E238691A1C0356F1000FE667 /* Kitchen PalTests */ = {
			isa = PBXNativeTarget;
			buildConfigurationList = E23869271C0356F1000FE667 /* Build configuration list for PBXNativeTarget "Kitchen PalTests" */;
			buildPhases = (
				E23869171C0356F1000FE667 /* Sources */,
				E23869181C0356F1000FE667 /* Frameworks */,
				E23869191C0356F1000FE667 /* Resources */,
			);
			buildRules = (
			);
			dependencies = (
				E238691D1C0356F1000FE667 /* PBXTargetDependency */,
			);
			name = "Kitchen PalTests";
			productName = "Kitchen PalTests";
			productReference = E238691B1C0356F1000FE667 /* Kitchen PalTests.xctest */;
			productType = "com.apple.product-type.bundle.unit-test";
		};
/* End PBXNativeTarget section */

/* Begin PBXProject section */
		E23868FC1C0356F1000FE667 /* Project object */ = {
			isa = PBXProject;
			attributes = {
				LastSwiftUpdateCheck = 0710;
				LastUpgradeCheck = 0710;
				ORGANIZATIONNAME = "Grintas Junevičius";
				TargetAttributes = {
					E23869031C0356F1000FE667 = {
						CreatedOnToolsVersion = 7.1.1;
						DevelopmentTeam = PDR4VQLAH4;
					};
					E238691A1C0356F1000FE667 = {
						CreatedOnToolsVersion = 7.1.1;
						TestTargetID = E23869031C0356F1000FE667;
					};
				};
			};
			buildConfigurationList = E23868FF1C0356F1000FE667 /* Build configuration list for PBXProject "Kitchen Pal" */;
			compatibilityVersion = "Xcode 3.2";
			developmentRegion = English;
			hasScannedForEncodings = 0;
			knownRegions = (
				en,
				Base,
			);
			mainGroup = E23868FB1C0356F1000FE667;
			productRefGroup = E23869051C0356F1000FE667 /* Products */;
			projectDirPath = "";
			projectRoot = "";
			targets = (
				E23869031C0356F1000FE667 /* Kitchen Pal */,
				E238691A1C0356F1000FE667 /* Kitchen PalTests */,
			);
		};
/* End PBXProject section */

/* Begin PBXResourcesBuildPhase section */
		E23869021C0356F1000FE667 /* Resources */ = {
			isa = PBXResourcesBuildPhase;
			buildActionMask = 2147483647;
			files = (
				E23869151C0356F1000FE667 /* LaunchScreen.storyboard in Resources */,
				E23869121C0356F1000FE667 /* Assets.xcassets in Resources */,
				E238690D1C0356F1000FE667 /* Main.storyboard in Resources */,
			);
			runOnlyForDeploymentPostprocessing = 0;
		};
		E23869191C0356F1000FE667 /* Resources */ = {
			isa = PBXResourcesBuildPhase;
			buildActionMask = 2147483647;
			files = (
			);
			runOnlyForDeploymentPostprocessing = 0;
		};
/* End PBXResourcesBuildPhase section */

/* Begin PBXSourcesBuildPhase section */
		E23869001C0356F1000FE667 /* Sources */ = {
			isa = PBXSourcesBuildPhase;
			buildActionMask = 2147483647;
			files = (
				E2352C7F1C1F14F700069CF7 /* ResultsTableViewController.swift in Sources */,
				E23869101C0356F1000FE667 /* Kitchen_Pal.xcdatamodeld in Sources */,
				E2BD00D71C2835FB00753A6D /* ResultsTableViewCell.swift in Sources */,
				E238690A1C0356F1000FE667 /* ViewController.swift in Sources */,
				E23869651C036531000FE667 /* Recipes.swift in Sources */,
				E2CC945F1C5398B900A5B91D /* ModelDataController.swift in Sources */,
				E23869641C036531000FE667 /* Recipes+CoreDataProperties.swift in Sources */,
				E23869621C036531000FE667 /* Ingredients+CoreDataProperties.swift in Sources */,
				E2CC94631C53A41400A5B91D /* AddRecipeViewController.swift in Sources */,
				E28A98B21C1F0A27004F574E /* QuickSearchCollectionViewController.swift in Sources */,
				E2AE51CC1C5291D9003B7ADF /* FinalModalViewController.swift in Sources */,
				E280E4DD1C15DBE6005C6983 /* RecipeCell.swift in Sources */,
				E280E4DB1C15DA2D005C6983 /* BrowseRecipesTableViewController.swift in Sources */,
				E23869631C036531000FE667 /* Ingredients.swift in Sources */,
				E27DED051C15D1CD00CD9D95 /* CollectionViewCell.swift in Sources */,
				E23869081C0356F1000FE667 /* AppDelegate.swift in Sources */,
			);
			runOnlyForDeploymentPostprocessing = 0;
		};
		E23869171C0356F1000FE667 /* Sources */ = {
			isa = PBXSourcesBuildPhase;
			buildActionMask = 2147483647;
			files = (
				E23869201C0356F1000FE667 /* Kitchen_PalTests.swift in Sources */,
			);
			runOnlyForDeploymentPostprocessing = 0;
		};
/* End PBXSourcesBuildPhase section */

/* Begin PBXTargetDependency section */
		E238691D1C0356F1000FE667 /* PBXTargetDependency */ = {
			isa = PBXTargetDependency;
			target = E23869031C0356F1000FE667 /* Kitchen Pal */;
			targetProxy = E238691C1C0356F1000FE667 /* PBXContainerItemProxy */;
		};
/* End PBXTargetDependency section */

/* Begin PBXVariantGroup section */
		E238690B1C0356F1000FE667 /* Main.storyboard */ = {
			isa = PBXVariantGroup;
			children = (
				E238690C1C0356F1000FE667 /* Base */,
			);
			name = Main.storyboard;
			sourceTree = "<group>";
		};
		E23869131C0356F1000FE667 /* LaunchScreen.storyboard */ = {
			isa = PBXVariantGroup;
			children = (
				E23869141C0356F1000FE667 /* Base */,
			);
			name = LaunchScreen.storyboard;
			sourceTree = "<group>";
		};
/* End PBXVariantGroup section */

/* Begin XCBuildConfiguration section */
		E23869221C0356F1000FE667 /* Debug */ = {
			isa = XCBuildConfiguration;
			buildSettings = {
				ALWAYS_SEARCH_USER_PATHS = NO;
				CLANG_CXX_LANGUAGE_STANDARD = "gnu++0x";
				CLANG_CXX_LIBRARY = "libc++";
				CLANG_ENABLE_MODULES = YES;
				CLANG_ENABLE_OBJC_ARC = YES;
				CLANG_WARN_BOOL_CONVERSION = YES;
				CLANG_WARN_CONSTANT_CONVERSION = YES;
				CLANG_WARN_DIRECT_OBJC_ISA_USAGE = YES_ERROR;
				CLANG_WARN_EMPTY_BODY = YES;
				CLANG_WARN_ENUM_CONVERSION = YES;
				CLANG_WARN_INT_CONVERSION = YES;
				CLANG_WARN_OBJC_ROOT_CLASS = YES_ERROR;
				CLANG_WARN_UNREACHABLE_CODE = YES;
				CLANG_WARN__DUPLICATE_METHOD_MATCH = YES;
				"CODE_SIGN_IDENTITY[sdk=iphoneos*]" = "iPhone Developer";
				COPY_PHASE_STRIP = NO;
				DEBUG_INFORMATION_FORMAT = dwarf;
				ENABLE_STRICT_OBJC_MSGSEND = YES;
				ENABLE_TESTABILITY = YES;
				GCC_C_LANGUAGE_STANDARD = gnu99;
				GCC_DYNAMIC_NO_PIC = NO;
				GCC_NO_COMMON_BLOCKS = YES;
				GCC_OPTIMIZATION_LEVEL = 0;
				GCC_PREPROCESSOR_DEFINITIONS = (
					"DEBUG=1",
					"$(inherited)",
				);
				GCC_WARN_64_TO_32_BIT_CONVERSION = YES;
				GCC_WARN_ABOUT_RETURN_TYPE = YES_ERROR;
				GCC_WARN_UNDECLARED_SELECTOR = YES;
				GCC_WARN_UNINITIALIZED_AUTOS = YES_AGGRESSIVE;
				GCC_WARN_UNUSED_FUNCTION = YES;
				GCC_WARN_UNUSED_VARIABLE = YES;
				IPHONEOS_DEPLOYMENT_TARGET = 9.1;
				MTL_ENABLE_DEBUG_INFO = YES;
				ONLY_ACTIVE_ARCH = YES;
				SDKROOT = iphoneos;
				SWIFT_OPTIMIZATION_LEVEL = "-Onone";
				TARGETED_DEVICE_FAMILY = "1,2";
			};
			name = Debug;
		};
		E23869231C0356F1000FE667 /* Release */ = {
			isa = XCBuildConfiguration;
			buildSettings = {
				ALWAYS_SEARCH_USER_PATHS = NO;
				CLANG_CXX_LANGUAGE_STANDARD = "gnu++0x";
				CLANG_CXX_LIBRARY = "libc++";
				CLANG_ENABLE_MODULES = YES;
				CLANG_ENABLE_OBJC_ARC = YES;
				CLANG_WARN_BOOL_CONVERSION = YES;
				CLANG_WARN_CONSTANT_CONVERSION = YES;
				CLANG_WARN_DIRECT_OBJC_ISA_USAGE = YES_ERROR;
				CLANG_WARN_EMPTY_BODY = YES;
				CLANG_WARN_ENUM_CONVERSION = YES;
				CLANG_WARN_INT_CONVERSION = YES;
				CLANG_WARN_OBJC_ROOT_CLASS = YES_ERROR;
				CLANG_WARN_UNREACHABLE_CODE = YES;
				CLANG_WARN__DUPLICATE_METHOD_MATCH = YES;
				"CODE_SIGN_IDENTITY[sdk=iphoneos*]" = "iPhone Developer";
				COPY_PHASE_STRIP = NO;
				DEBUG_INFORMATION_FORMAT = "dwarf-with-dsym";
				ENABLE_NS_ASSERTIONS = NO;
				ENABLE_STRICT_OBJC_MSGSEND = YES;
				GCC_C_LANGUAGE_STANDARD = gnu99;
				GCC_NO_COMMON_BLOCKS = YES;
				GCC_WARN_64_TO_32_BIT_CONVERSION = YES;
				GCC_WARN_ABOUT_RETURN_TYPE = YES_ERROR;
				GCC_WARN_UNDECLARED_SELECTOR = YES;
				GCC_WARN_UNINITIALIZED_AUTOS = YES_AGGRESSIVE;
				GCC_WARN_UNUSED_FUNCTION = YES;
				GCC_WARN_UNUSED_VARIABLE = YES;
				IPHONEOS_DEPLOYMENT_TARGET = 9.1;
				MTL_ENABLE_DEBUG_INFO = NO;
				SDKROOT = iphoneos;
				TARGETED_DEVICE_FAMILY = "1,2";
				VALIDATE_PRODUCT = YES;
			};
			name = Release;
		};
		E23869251C0356F1000FE667 /* Debug */ = {
			isa = XCBuildConfiguration;
			buildSettings = {
				ASSETCATALOG_COMPILER_APPICON_NAME = AppIcon;
				CODE_SIGN_IDENTITY = "iPhone Developer";
				"CODE_SIGN_IDENTITY[sdk=iphoneos*]" = "iPhone Developer";
				DEFINES_MODULE = YES;
				INFOPLIST_FILE = "Kitchen Pal/Info.plist";
				LD_RUNPATH_SEARCH_PATHS = "$(inherited) @executable_path/Frameworks";
				PRODUCT_BUNDLE_IDENTIFIER = "Grintas.Kitchen-Pal";
				PRODUCT_NAME = "$(TARGET_NAME)";
				PROVISIONING_PROFILE = "";
			};
			name = Debug;
		};
		E23869261C0356F1000FE667 /* Release */ = {
			isa = XCBuildConfiguration;
			buildSettings = {
				ASSETCATALOG_COMPILER_APPICON_NAME = AppIcon;
				CODE_SIGN_IDENTITY = "iPhone Developer";
				"CODE_SIGN_IDENTITY[sdk=iphoneos*]" = "iPhone Developer";
				DEFINES_MODULE = YES;
				INFOPLIST_FILE = "Kitchen Pal/Info.plist";
				LD_RUNPATH_SEARCH_PATHS = "$(inherited) @executable_path/Frameworks";
				PRODUCT_BUNDLE_IDENTIFIER = "Grintas.Kitchen-Pal";
				PRODUCT_NAME = "$(TARGET_NAME)";
				PROVISIONING_PROFILE = "";
			};
			name = Release;
		};
		E23869281C0356F1000FE667 /* Debug */ = {
			isa = XCBuildConfiguration;
			buildSettings = {
				BUNDLE_LOADER = "$(TEST_HOST)";
				INFOPLIST_FILE = "Kitchen PalTests/Info.plist";
				LD_RUNPATH_SEARCH_PATHS = "$(inherited) @executable_path/Frameworks @loader_path/Frameworks";
				PRODUCT_BUNDLE_IDENTIFIER = "Grintas.Kitchen-PalTests";
				PRODUCT_NAME = "$(TARGET_NAME)";
				TEST_HOST = "$(BUILT_PRODUCTS_DIR)/Kitchen Pal.app/Kitchen Pal";
			};
			name = Debug;
		};
		E23869291C0356F1000FE667 /* Release */ = {
			isa = XCBuildConfiguration;
			buildSettings = {
				BUNDLE_LOADER = "$(TEST_HOST)";
				INFOPLIST_FILE = "Kitchen PalTests/Info.plist";
				LD_RUNPATH_SEARCH_PATHS = "$(inherited) @executable_path/Frameworks @loader_path/Frameworks";
				PRODUCT_BUNDLE_IDENTIFIER = "Grintas.Kitchen-PalTests";
				PRODUCT_NAME = "$(TARGET_NAME)";
				TEST_HOST = "$(BUILT_PRODUCTS_DIR)/Kitchen Pal.app/Kitchen Pal";
			};
			name = Release;
		};
/* End XCBuildConfiguration section */

/* Begin XCConfigurationList section */
		E23868FF1C0356F1000FE667 /* Build configuration list for PBXProject "Kitchen Pal" */ = {
			isa = XCConfigurationList;
			buildConfigurations = (
				E23869221C0356F1000FE667 /* Debug */,
				E23869231C0356F1000FE667 /* Release */,
			);
			defaultConfigurationIsVisible = 0;
			defaultConfigurationName = Release;
		};
		E23869241C0356F1000FE667 /* Build configuration list for PBXNativeTarget "Kitchen Pal" */ = {
			isa = XCConfigurationList;
			buildConfigurations = (
				E23869251C0356F1000FE667 /* Debug */,
				E23869261C0356F1000FE667 /* Release */,
			);
			defaultConfigurationIsVisible = 0;
			defaultConfigurationName = Release;
		};
		E23869271C0356F1000FE667 /* Build configuration list for PBXNativeTarget "Kitchen PalTests" */ = {
			isa = XCConfigurationList;
			buildConfigurations = (
				E23869281C0356F1000FE667 /* Debug */,
				E23869291C0356F1000FE667 /* Release */,
			);
			defaultConfigurationIsVisible = 0;
			defaultConfigurationName = Release;
		};
/* End XCConfigurationList section */

/* Begin XCVersionGroup section */
		E238690E1C0356F1000FE667 /* Kitchen_Pal.xcdatamodeld */ = {
			isa = XCVersionGroup;
			children = (
				E238690F1C0356F1000FE667 /* Kitchen_Pal.xcdatamodel */,
			);
			currentVersion = E238690F1C0356F1000FE667 /* Kitchen_Pal.xcdatamodel */;
			name = Kitchen_Pal.xcdatamodeld;
			path = "Kitchen Pal/Kitchen_Pal.xcdatamodeld";
			sourceTree = "<group>";
			versionGroupType = wrapper.xcdatamodel;
		};
/* End XCVersionGroup section */
	};
	rootObject = E23868FC1C0356F1000FE667 /* Project object */;
}
